# This file is automatically @generated by Poetry 1.4.1 and should not be changed by hand.

[[package]]
name = "pyusb"
version = "1.2.1"
description = "Python USB access module"
category = "main"
optional = false
python-versions = ">=3.6.0"
files = [
    {file = "pyusb-1.2.1-py3-none-any.whl", hash = "sha256:2b4c7cb86dbadf044dfb9d3a4ff69fd217013dbe78a792177a3feb172449ea36"},
    {file = "pyusb-1.2.1.tar.gz", hash = "sha256:a4cc7404a203144754164b8b40994e2849fde1cfff06b08492f12fff9d9de7b9"},
]

[metadata]
lock-version = "2.0"
python-versions = "^3.10"
content-hash = "e7e4a699602723f723ff9bf11848b39f0a864a3e5ce7639b907b744480e0a658"
