# This file is automatically @generated by Poetry 1.4.2 and should not be changed by hand.

[[package]]
name = "importlib-metadata"
version = "6.4.1"
description = "Read metadata from Python packages"
category = "main"
optional = false
python-versions = ">=3.7"
files = [
    {file = "importlib_metadata-6.4.1-py3-none-any.whl", hash = "sha256:63ace321e24167d12fbb176b6015f4dbe06868c54a2af4f15849586afb9027fd"},
    {file = "importlib_metadata-6.4.1.tar.gz", hash = "sha256:eb1a7933041f0f85c94cd130258df3fb0dec060ad8c1c9318892ef4192c47ce1"},
]

[package.dependencies]
zipp = ">=0.5"

[package.extras]
docs = ["furo", "jaraco.packaging (>=9)", "jaraco.tidelift (>=1.4)", "rst.linker (>=1.9)", "sphinx (>=3.5)", "sphinx-lint"]
perf = ["ipython"]
testing = ["flake8 (<5)", "flufl.flake8", "importlib-resources (>=1.3)", "packaging", "pyfakefs", "pytest (>=6)", "pytest-black (>=0.3.7)", "pytest-checkdocs (>=2.4)", "pytest-cov", "pytest-enabler (>=1.3)", "pytest-flake8", "pytest-mypy (>=0.9.1)", "pytest-perf (>=0.9.2)"]

[[package]]
name = "importlib-resources"
version = "5.12.0"
description = "Read resources from Python packages"
category = "main"
optional = false
python-versions = ">=3.7"
files = [
    {file = "importlib_resources-5.12.0-py3-none-any.whl", hash = "sha256:7b1deeebbf351c7578e09bf2f63fa2ce8b5ffec296e0d349139d43cca061a81a"},
    {file = "importlib_resources-5.12.0.tar.gz", hash = "sha256:4be82589bf5c1d7999aedf2a45159d10cb3ca4f19b2271f8792bc8e6da7b22f6"},
]

[package.extras]
docs = ["furo", "jaraco.packaging (>=9)", "jaraco.tidelift (>=1.4)", "rst.linker (>=1.9)", "sphinx (>=3.5)", "sphinx-lint"]
testing = ["flake8 (<5)", "pytest (>=6)", "pytest-black (>=0.3.7)", "pytest-checkdocs (>=2.4)", "pytest-cov", "pytest-enabler (>=1.3)", "pytest-flake8", "pytest-mypy (>=0.9.1)"]

[[package]]
name = "libusb"
version = "1.0.26b5"
description = "Python binding for the libusb C library."
category = "main"
optional = false
python-versions = "<4.0.0,>=3.7.0"
files = [
    {file = "libusb-1.0.26b5-py3-none-any.whl", hash = "sha256:96700b35ee4b3c64759ad207f0fe0e8df77346b3c3c4afe50fff5ac6e5b89507"},
    {file = "libusb-1.0.26b5.zip", hash = "sha256:ed3968ce956a444b0298cdaf831028a62f6c1ade69129d19d1377e0efe9f1299"},
]

[package.dependencies]
pkg-about = ">=1.0.7"
setuptools = ">=63.2.0"

[package.extras]
doc = ["Sphinx (>=4.5.0)", "docutils (>=0.14,<0.19)", "nbsphinx (>=0.8.9)", "restructuredtext-lint (>=1.4.0)", "sphinx-copybutton (>=0.5.0)", "sphinx-tabs (>=3.4.1)", "sphinxcontrib-spelling (>=7.6.0)"]
test = ["deepdiff (>=5.8.1)"]

[[package]]
name = "packaging"
version = "23.1"
description = "Core utilities for Python packages"
category = "main"
optional = false
python-versions = ">=3.7"
files = [
    {file = "packaging-23.1-py3-none-any.whl", hash = "sha256:994793af429502c4ea2ebf6bf664629d07c1a9fe974af92966e4b8d2df7edc61"},
    {file = "packaging-23.1.tar.gz", hash = "sha256:a392980d2b6cffa644431898be54b0045151319d1e7ec34f0cfed48767dd334f"},
]

[[package]]
name = "pkg-about"
version = "1.0.8"
description = "Shares Python package metadata at runtime."
category = "main"
optional = false
python-versions = "<4.0.0,>=3.7.0"
files = [
    {file = "pkg_about-1.0.8-py3-none-any.whl", hash = "sha256:43cd82d509b1eca5ad6607fcc031d12043e22799189535ce42a522734ef15ed4"},
    {file = "pkg_about-1.0.8.zip", hash = "sha256:99be375db2b2a608a56a05cb5b7de43fcc17c62a0db1f2ed97a0049ce2355a50"},
]

[package.dependencies]
importlib-metadata = ">=4.12.0"
importlib-resources = ">=5.7.1"
packaging = ">=21.3.0"
setuptools = ">=63.2.0"
tomli = ">=2.0.1"

[package.extras]
doc = ["Sphinx (>=4.5.0)", "docutils (>=0.14,<0.19)", "nbsphinx (>=0.8.9)", "restructuredtext-lint (>=1.4.0)", "sphinx-copybutton (>=0.5.0)", "sphinx-tabs (>=3.4.1)", "sphinxcontrib-spelling (>=7.6.0)"]
test = ["deepdiff (>=5.8.1)"]

[[package]]
name = "pyusb"
version = "1.2.1"
description = "Python USB access module"
category = "main"
optional = false
python-versions = ">=3.6.0"
files = [
    {file = "pyusb-1.2.1-py3-none-any.whl", hash = "sha256:2b4c7cb86dbadf044dfb9d3a4ff69fd217013dbe78a792177a3feb172449ea36"},
    {file = "pyusb-1.2.1.tar.gz", hash = "sha256:a4cc7404a203144754164b8b40994e2849fde1cfff06b08492f12fff9d9de7b9"},
]

[[package]]
name = "setuptools"
version = "67.6.1"
description = "Easily download, build, install, upgrade, and uninstall Python packages"
category = "main"
optional = false
python-versions = ">=3.7"
files = [
    {file = "setuptools-67.6.1-py3-none-any.whl", hash = "sha256:e728ca814a823bf7bf60162daf9db95b93d532948c4c0bea762ce62f60189078"},
    {file = "setuptools-67.6.1.tar.gz", hash = "sha256:257de92a9d50a60b8e22abfcbb771571fde0dbf3ec234463212027a4eeecbe9a"},
]

[package.extras]
docs = ["furo", "jaraco.packaging (>=9)", "jaraco.tidelift (>=1.4)", "pygments-github-lexers (==0.0.5)", "rst.linker (>=1.9)", "sphinx (>=3.5)", "sphinx-favicon", "sphinx-hoverxref (<2)", "sphinx-inline-tabs", "sphinx-lint", "sphinx-notfound-page (==0.8.3)", "sphinx-reredirects", "sphinxcontrib-towncrier"]
testing = ["build[virtualenv]", "filelock (>=3.4.0)", "flake8 (<5)", "flake8-2020", "ini2toml[lite] (>=0.9)", "jaraco.envs (>=2.2)", "jaraco.path (>=3.2.0)", "pip (>=19.1)", "pip-run (>=8.8)", "pytest (>=6)", "pytest-black (>=0.3.7)", "pytest-checkdocs (>=2.4)", "pytest-cov", "pytest-enabler (>=1.3)", "pytest-flake8", "pytest-mypy (>=0.9.1)", "pytest-perf", "pytest-timeout", "pytest-xdist", "tomli-w (>=1.0.0)", "virtualenv (>=13.0.0)", "wheel"]
testing-integration = ["build[virtualenv]", "filelock (>=3.4.0)", "jaraco.envs (>=2.2)", "jaraco.path (>=3.2.0)", "pytest", "pytest-enabler", "pytest-xdist", "tomli", "virtualenv (>=13.0.0)", "wheel"]

[[package]]
name = "tomli"
version = "2.0.1"
description = "A lil' TOML parser"
category = "main"
optional = false
python-versions = ">=3.7"
files = [
    {file = "tomli-2.0.1-py3-none-any.whl", hash = "sha256:939de3e7a6161af0c887ef91b7d41a53e7c5a1ca976325f429cb46ea9bc30ecc"},
    {file = "tomli-2.0.1.tar.gz", hash = "sha256:de526c12914f0c550d15924c62d72abc48d6fe7364aa87328337a31007fe8a4f"},
]

[[package]]
name = "zipp"
version = "3.15.0"
description = "Backport of pathlib-compatible object wrapper for zip files"
category = "main"
optional = false
python-versions = ">=3.7"
files = [
    {file = "zipp-3.15.0-py3-none-any.whl", hash = "sha256:48904fc76a60e542af151aded95726c1a5c34ed43ab4134b597665c86d7ad556"},
    {file = "zipp-3.15.0.tar.gz", hash = "sha256:112929ad649da941c23de50f356a2b5570c954b65150642bccdd66bf194d224b"},
]

[package.extras]
docs = ["furo", "jaraco.packaging (>=9)", "jaraco.tidelift (>=1.4)", "rst.linker (>=1.9)", "sphinx (>=3.5)", "sphinx-lint"]
testing = ["big-O", "flake8 (<5)", "jaraco.functools", "jaraco.itertools", "more-itertools", "pytest (>=6)", "pytest-black (>=0.3.7)", "pytest-checkdocs (>=2.4)", "pytest-cov", "pytest-enabler (>=1.3)", "pytest-flake8", "pytest-mypy (>=0.9.1)"]

[metadata]
lock-version = "2.0"
python-versions = "^3.10"
content-hash = "4fbaa947d7302420b8fb7368cd3469410f9ccdf934edbae21cd49cb625881249"
